// !$*UTF8*$!
{
	archiveVersion = 1;
	classes = {
	};
	objectVersion = 46;
	objects = {

/* Begin PBXBuildFile section */
		F1D4A5E71E3BCB0D00A8983C /* AppDelegate.swift in Sources */ = {isa = PBXBuildFile; fileRef = F1D4A5E61E3BCB0D00A8983C /* AppDelegate.swift */; };
		F1D4A5E91E3BCB0D00A8983C /* ViewController.swift in Sources */ = {isa = PBXBuildFile; fileRef = F1D4A5E81E3BCB0D00A8983C /* ViewController.swift */; };
		F1D4A5EC1E3BCB0D00A8983C /* Main.storyboard in Resources */ = {isa = PBXBuildFile; fileRef = F1D4A5EA1E3BCB0D00A8983C /* Main.storyboard */; };
		F1D4A5EE1E3BCB0D00A8983C /* Assets.xcassets in Resources */ = {isa = PBXBuildFile; fileRef = F1D4A5ED1E3BCB0D00A8983C /* Assets.xcassets */; };
		F1D4A5F11E3BCB0D00A8983C /* LaunchScreen.storyboard in Resources */ = {isa = PBXBuildFile; fileRef = F1D4A5EF1E3BCB0D00A8983C /* LaunchScreen.storyboard */; };
		F1D4A5FC1E3BCB0E00A8983C /* testingTests.swift in Sources */ = {isa = PBXBuildFile; fileRef = F1D4A5FB1E3BCB0E00A8983C /* testingTests.swift */; };
		F1D4A6071E3BCB0E00A8983C /* testingUITests.swift in Sources */ = {isa = PBXBuildFile; fileRef = F1D4A6061E3BCB0E00A8983C /* testingUITests.swift */; };
/* End PBXBuildFile section */

/* Begin PBXContainerItemProxy section */
		F1D4A5F81E3BCB0E00A8983C /* PBXContainerItemProxy */ = {
			isa = PBXContainerItemProxy;
			containerPortal = F1D4A5DB1E3BCB0C00A8983C /* Project object */;
			proxyType = 1;
			remoteGlobalIDString = F1D4A5E21E3BCB0C00A8983C;
			remoteInfo = testing;
		};
		F1D4A6031E3BCB0E00A8983C /* PBXContainerItemProxy */ = {
			isa = PBXContainerItemProxy;
			containerPortal = F1D4A5DB1E3BCB0C00A8983C /* Project object */;
			proxyType = 1;
			remoteGlobalIDString = F1D4A5E21E3BCB0C00A8983C;
			remoteInfo = testing;
		};
/* End PBXContainerItemProxy section */

/* Begin PBXFileReference section */
		F1D4A5E31E3BCB0D00A8983C /* testing.app */ = {isa = PBXFileReference; explicitFileType = wrapper.application; includeInIndex = 0; path = testing.app; sourceTree = BUILT_PRODUCTS_DIR; };
		F1D4A5E61E3BCB0D00A8983C /* AppDelegate.swift */ = {isa = PBXFileReference; lastKnownFileType = sourcecode.swift; path = AppDelegate.swift; sourceTree = "<group>"; };
		F1D4A5E81E3BCB0D00A8983C /* ViewController.swift */ = {isa = PBXFileReference; lastKnownFileType = sourcecode.swift; path = ViewController.swift; sourceTree = "<group>"; };
		F1D4A5EB1E3BCB0D00A8983C /* Base */ = {isa = PBXFileReference; lastKnownFileType = file.storyboard; name = Base; path = Base.lproj/Main.storyboard; sourceTree = "<group>"; };
		F1D4A5ED1E3BCB0D00A8983C /* Assets.xcassets */ = {isa = PBXFileReference; lastKnownFileType = folder.assetcatalog; path = Assets.xcassets; sourceTree = "<group>"; };
		F1D4A5F01E3BCB0D00A8983C /* Base */ = {isa = PBXFileReference; lastKnownFileType = file.storyboard; name = Base; path = Base.lproj/LaunchScreen.storyboard; sourceTree = "<group>"; };
		F1D4A5F21E3BCB0D00A8983C /* Info.plist */ = {isa = PBXFileReference; lastKnownFileType = text.plist.xml; path = Info.plist; sourceTree = "<group>"; };
		F1D4A5F71E3BCB0E00A8983C /* testingTests.xctest */ = {isa = PBXFileReference; explicitFileType = wrapper.cfbundle; includeInIndex = 0; path = testingTests.xctest; sourceTree = BUILT_PRODUCTS_DIR; };
		F1D4A5FB1E3BCB0E00A8983C /* testingTests.swift */ = {isa = PBXFileReference; lastKnownFileType = sourcecode.swift; path = testingTests.swift; sourceTree = "<group>"; };
		F1D4A5FD1E3BCB0E00A8983C /* Info.plist */ = {isa = PBXFileReference; lastKnownFileType = text.plist.xml; path = Info.plist; sourceTree = "<group>"; };
		F1D4A6021E3BCB0E00A8983C /* testingUITests.xctest */ = {isa = PBXFileReference; explicitFileType = wrapper.cfbundle; includeInIndex = 0; path = testingUITests.xctest; sourceTree = BUILT_PRODUCTS_DIR; };
		F1D4A6061E3BCB0E00A8983C /* testingUITests.swift */ = {isa = PBXFileReference; lastKnownFileType = sourcecode.swift; path = testingUITests.swift; sourceTree = "<group>"; };
		F1D4A6081E3BCB0E00A8983C /* Info.plist */ = {isa = PBXFileReference; lastKnownFileType = text.plist.xml; path = Info.plist; sourceTree = "<group>"; };
/* End PBXFileReference section */

/* Begin PBXFrameworksBuildPhase section */
		F1D4A5E01E3BCB0C00A8983C /* Frameworks */ = {
			isa = PBXFrameworksBuildPhase;
			buildActionMask = 2147483647;
			files = (
			);
			runOnlyForDeploymentPostprocessing = 0;
		};
		F1D4A5F41E3BCB0E00A8983C /* Frameworks */ = {
			isa = PBXFrameworksBuildPhase;
			buildActionMask = 2147483647;
			files = (
			);
			runOnlyForDeploymentPostprocessing = 0;
		};
		F1D4A5FF1E3BCB0E00A8983C /* Frameworks */ = {
			isa = PBXFrameworksBuildPhase;
			buildActionMask = 2147483647;
			files = (
			);
			runOnlyForDeploymentPostprocessing = 0;
		};
/* End PBXFrameworksBuildPhase section */

/* Begin PBXGroup section */
		F1D4A5DA1E3BCB0C00A8983C = {
			isa = PBXGroup;
			children = (
				F1D4A5E51E3BCB0D00A8983C /* testing */,
				F1D4A5FA1E3BCB0E00A8983C /* testingTests */,
				F1D4A6051E3BCB0E00A8983C /* testingUITests */,
				F1D4A5E41E3BCB0D00A8983C /* Products */,
			);
			sourceTree = "<group>";
		};
		F1D4A5E41E3BCB0D00A8983C /* Products */ = {
			isa = PBXGroup;
			children = (
				F1D4A5E31E3BCB0D00A8983C /* testing.app */,
				F1D4A5F71E3BCB0E00A8983C /* testingTests.xctest */,
				F1D4A6021E3BCB0E00A8983C /* testingUITests.xctest */,
			);
			name = Products;
			sourceTree = "<group>";
		};
		F1D4A5E51E3BCB0D00A8983C /* testing */ = {
			isa = PBXGroup;
			children = (
				F1D4A5E61E3BCB0D00A8983C /* AppDelegate.swift */,
				F1D4A5E81E3BCB0D00A8983C /* ViewController.swift */,
				F1D4A5EA1E3BCB0D00A8983C /* Main.storyboard */,
				F1D4A5ED1E3BCB0D00A8983C /* Assets.xcassets */,
				F1D4A5EF1E3BCB0D00A8983C /* LaunchScreen.storyboard */,
				F1D4A5F21E3BCB0D00A8983C /* Info.plist */,
			);
			path = testing;
			sourceTree = "<group>";
		};
		F1D4A5FA1E3BCB0E00A8983C /* testingTests */ = {
			isa = PBXGroup;
			children = (
				F1D4A5FB1E3BCB0E00A8983C /* testingTests.swift */,
				F1D4A5FD1E3BCB0E00A8983C /* Info.plist */,
			);
			path = testingTests;
			sourceTree = "<group>";
		};
		F1D4A6051E3BCB0E00A8983C /* testingUITests */ = {
			isa = PBXGroup;
			children = (
				F1D4A6061E3BCB0E00A8983C /* testingUITests.swift */,
				F1D4A6081E3BCB0E00A8983C /* Info.plist */,
			);
			path = testingUITests;
			sourceTree = "<group>";
		};
/* End PBXGroup section */

/* Begin PBXNativeTarget section */
		F1D4A5E21E3BCB0C00A8983C /* testing */ = {
			isa = PBXNativeTarget;
			buildConfigurationList = F1D4A60B1E3BCB0E00A8983C /* Build configuration list for PBXNativeTarget "testing" */;
			buildPhases = (
				F1D4A5DF1E3BCB0C00A8983C /* Sources */,
				F1D4A5E01E3BCB0C00A8983C /* Frameworks */,
				F1D4A5E11E3BCB0C00A8983C /* Resources */,
			);
			buildRules = (
			);
			dependencies = (
			);
			name = testing;
			productName = testing;
			productReference = F1D4A5E31E3BCB0D00A8983C /* testing.app */;
			productType = "com.apple.product-type.application";
		};
		F1D4A5F61E3BCB0E00A8983C /* testingTests */ = {
			isa = PBXNativeTarget;
			buildConfigurationList = F1D4A60E1E3BCB0E00A8983C /* Build configuration list for PBXNativeTarget "testingTests" */;
			buildPhases = (
				F1D4A5F31E3BCB0E00A8983C /* Sources */,
				F1D4A5F41E3BCB0E00A8983C /* Frameworks */,
				F1D4A5F51E3BCB0E00A8983C /* Resources */,
			);
			buildRules = (
			);
			dependencies = (
				F1D4A5F91E3BCB0E00A8983C /* PBXTargetDependency */,
			);
			name = testingTests;
			productName = testingTests;
			productReference = F1D4A5F71E3BCB0E00A8983C /* testingTests.xctest */;
			productType = "com.apple.product-type.bundle.unit-test";
		};
		F1D4A6011E3BCB0E00A8983C /* testingUITests */ = {
			isa = PBXNativeTarget;
			buildConfigurationList = F1D4A6111E3BCB0E00A8983C /* Build configuration list for PBXNativeTarget "testingUITests" */;
			buildPhases = (
				F1D4A5FE1E3BCB0E00A8983C /* Sources */,
				F1D4A5FF1E3BCB0E00A8983C /* Frameworks */,
				F1D4A6001E3BCB0E00A8983C /* Resources */,
			);
			buildRules = (
			);
			dependencies = (
				F1D4A6041E3BCB0E00A8983C /* PBXTargetDependency */,
			);
			name = testingUITests;
			productName = testingUITests;
			productReference = F1D4A6021E3BCB0E00A8983C /* testingUITests.xctest */;
			productType = "com.apple.product-type.bundle.ui-testing";
		};
/* End PBXNativeTarget section */

/* Begin PBXProject section */
		F1D4A5DB1E3BCB0C00A8983C /* Project object */ = {
			isa = PBXProject;
			attributes = {
				LastSwiftUpdateCheck = 0820;
				LastUpgradeCheck = 0820;
				ORGANIZATIONNAME = "Raman Singh";
				TargetAttributes = {
					F1D4A5E21E3BCB0C00A8983C = {
						CreatedOnToolsVersion = 8.2.1;
						DevelopmentTeam = UE52HE9BWK;
						ProvisioningStyle = Automatic;
					};
					F1D4A5F61E3BCB0E00A8983C = {
						CreatedOnToolsVersion = 8.2.1;
						DevelopmentTeam = UE52HE9BWK;
						ProvisioningStyle = Automatic;
						TestTargetID = F1D4A5E21E3BCB0C00A8983C;
					};
					F1D4A6011E3BCB0E00A8983C = {
						CreatedOnToolsVersion = 8.2.1;
						DevelopmentTeam = UE52HE9BWK;
						ProvisioningStyle = Automatic;
						TestTargetID = F1D4A5E21E3BCB0C00A8983C;
					};
				};
			};
			buildConfigurationList = F1D4A5DE1E3BCB0C00A8983C /* Build configuration list for PBXProject "testing" */;
			compatibilityVersion = "Xcode 3.2";
			developmentRegion = English;
			hasScannedForEncodings = 0;
			knownRegions = (
				en,
				Base,
			);
			mainGroup = F1D4A5DA1E3BCB0C00A8983C;
			productRefGroup = F1D4A5E41E3BCB0D00A8983C /* Products */;
			projectDirPath = "";
			projectRoot = "";
			targets = (
				F1D4A5E21E3BCB0C00A8983C /* testing */,
				F1D4A5F61E3BCB0E00A8983C /* testingTests */,
				F1D4A6011E3BCB0E00A8983C /* testingUITests */,
			);
		};
/* End PBXProject section */

/* Begin PBXResourcesBuildPhase section */
		F1D4A5E11E3BCB0C00A8983C /* Resources */ = {
			isa = PBXResourcesBuildPhase;
			buildActionMask = 2147483647;
			files = (
				F1D4A5F11E3BCB0D00A8983C /* LaunchScreen.storyboard in Resources */,
				F1D4A5EE1E3BCB0D00A8983C /* Assets.xcassets in Resources */,
				F1D4A5EC1E3BCB0D00A8983C /* Main.storyboard in Resources */,
			);
			runOnlyForDeploymentPostprocessing = 0;
		};
		F1D4A5F51E3BCB0E00A8983C /* Resources */ = {
			isa = PBXResourcesBuildPhase;
			buildActionMask = 2147483647;
			files = (
			);
			runOnlyForDeploymentPostprocessing = 0;
		};
		F1D4A6001E3BCB0E00A8983C /* Resources */ = {
			isa = PBXResourcesBuildPhase;
			buildActionMask = 2147483647;
			files = (
			);
			runOnlyForDeploymentPostprocessing = 0;
		};
/* End PBXResourcesBuildPhase section */

/* Begin PBXSourcesBuildPhase section */
		F1D4A5DF1E3BCB0C00A8983C /* Sources */ = {
			isa = PBXSourcesBuildPhase;
			buildActionMask = 2147483647;
			files = (
				F1D4A5E91E3BCB0D00A8983C /* ViewController.swift in Sources */,
				F1D4A5E71E3BCB0D00A8983C /* AppDelegate.swift in Sources */,
			);
			runOnlyForDeploymentPostprocessing = 0;
		};
		F1D4A5F31E3BCB0E00A8983C /* Sources */ = {
			isa = PBXSourcesBuildPhase;
			buildActionMask = 2147483647;
			files = (
				F1D4A5FC1E3BCB0E00A8983C /* testingTests.swift in Sources */,
			);
			runOnlyForDeploymentPostprocessing = 0;
		};
		F1D4A5FE1E3BCB0E00A8983C /* Sources */ = {
			isa = PBXSourcesBuildPhase;
			buildActionMask = 2147483647;
			files = (
				F1D4A6071E3BCB0E00A8983C /* testingUITests.swift in Sources */,
			);
			runOnlyForDeploymentPostprocessing = 0;
		};
/* End PBXSourcesBuildPhase section */

/* Begin PBXTargetDependency section */
		F1D4A5F91E3BCB0E00A8983C /* PBXTargetDependency */ = {
			isa = PBXTargetDependency;
			target = F1D4A5E21E3BCB0C00A8983C /* testing */;
			targetProxy = F1D4A5F81E3BCB0E00A8983C /* PBXContainerItemProxy */;
		};
		F1D4A6041E3BCB0E00A8983C /* PBXTargetDependency */ = {
			isa = PBXTargetDependency;
			target = F1D4A5E21E3BCB0C00A8983C /* testing */;
			targetProxy = F1D4A6031E3BCB0E00A8983C /* PBXContainerItemProxy */;
		};
/* End PBXTargetDependency section */

/* Begin PBXVariantGroup section */
		F1D4A5EA1E3BCB0D00A8983C /* Main.storyboard */ = {
			isa = PBXVariantGroup;
			children = (
				F1D4A5EB1E3BCB0D00A8983C /* Base */,
			);
			name = Main.storyboard;
			sourceTree = "<group>";
		};
		F1D4A5EF1E3BCB0D00A8983C /* LaunchScreen.storyboard */ = {
			isa = PBXVariantGroup;
			children = (
				F1D4A5F01E3BCB0D00A8983C /* Base */,
			);
			name = LaunchScreen.storyboard;
			sourceTree = "<group>";
		};
/* End PBXVariantGroup section */

/* Begin XCBuildConfiguration section */
		F1D4A6091E3BCB0E00A8983C /* Debug */ = {
			isa = XCBuildConfiguration;
			buildSettings = {
				ALWAYS_SEARCH_USER_PATHS = NO;
				CLANG_ANALYZER_NONNULL = YES;
				CLANG_CXX_LANGUAGE_STANDARD = "gnu++0x";
				CLANG_CXX_LIBRARY = "libc++";
				CLANG_ENABLE_MODULES = YES;
				CLANG_ENABLE_OBJC_ARC = YES;
				CLANG_WARN_BOOL_CONVERSION = YES;
				CLANG_WARN_CONSTANT_CONVERSION = YES;
				CLANG_WARN_DIRECT_OBJC_ISA_USAGE = YES_ERROR;
				CLANG_WARN_DOCUMENTATION_COMMENTS = YES;
				CLANG_WARN_EMPTY_BODY = YES;
				CLANG_WARN_ENUM_CONVERSION = YES;
				CLANG_WARN_INFINITE_RECURSION = YES;
				CLANG_WARN_INT_CONVERSION = YES;
				CLANG_WARN_OBJC_ROOT_CLASS = YES_ERROR;
				CLANG_WARN_SUSPICIOUS_MOVE = YES;
				CLANG_WARN_UNREACHABLE_CODE = YES;
				CLANG_WARN__DUPLICATE_METHOD_MATCH = YES;
				"CODE_SIGN_IDENTITY[sdk=iphoneos*]" = "iPhone Developer";
				COPY_PHASE_STRIP = NO;
				DEBUG_INFORMATION_FORMAT = dwarf;
				ENABLE_STRICT_OBJC_MSGSEND = YES;
				ENABLE_TESTABILITY = YES;
				GCC_C_LANGUAGE_STANDARD = gnu99;
				GCC_DYNAMIC_NO_PIC = NO;
				GCC_NO_COMMON_BLOCKS = YES;
				GCC_OPTIMIZATION_LEVEL = 0;
				GCC_PREPROCESSOR_DEFINITIONS = (
					"DEBUG=1",
					"$(inherited)",
				);
				GCC_WARN_64_TO_32_BIT_CONVERSION = YES;
				GCC_WARN_ABOUT_RETURN_TYPE = YES_ERROR;
				GCC_WARN_UNDECLARED_SELECTOR = YES;
				GCC_WARN_UNINITIALIZED_AUTOS = YES_AGGRESSIVE;
				GCC_WARN_UNUSED_FUNCTION = YES;
				GCC_WARN_UNUSED_VARIABLE = YES;
				IPHONEOS_DEPLOYMENT_TARGET = 10.2;
				MTL_ENABLE_DEBUG_INFO = YES;
				ONLY_ACTIVE_ARCH = YES;
				SDKROOT = iphoneos;
				SWIFT_ACTIVE_COMPILATION_CONDITIONS = DEBUG;
				SWIFT_OPTIMIZATION_LEVEL = "-Onone";
			};
			name = Debug;
		};
		F1D4A60A1E3BCB0E00A8983C /* Release */ = {
			isa = XCBuildConfiguration;
			buildSettings = {
				ALWAYS_SEARCH_USER_PATHS = NO;
				CLANG_ANALYZER_NONNULL = YES;
				CLANG_CXX_LANGUAGE_STANDARD = "gnu++0x";
				CLANG_CXX_LIBRARY = "libc++";
				CLANG_ENABLE_MODULES = YES;
				CLANG_ENABLE_OBJC_ARC = YES;
				CLANG_WARN_BOOL_CONVERSION = YES;
				CLANG_WARN_CONSTANT_CONVERSION = YES;
				CLANG_WARN_DIRECT_OBJC_ISA_USAGE = YES_ERROR;
				CLANG_WARN_DOCUMENTATION_COMMENTS = YES;
				CLANG_WARN_EMPTY_BODY = YES;
				CLANG_WARN_ENUM_CONVERSION = YES;
				CLANG_WARN_INFINITE_RECURSION = YES;
				CLANG_WARN_INT_CONVERSION = YES;
				CLANG_WARN_OBJC_ROOT_CLASS = YES_ERROR;
				CLANG_WARN_SUSPICIOUS_MOVE = YES;
				CLANG_WARN_UNREACHABLE_CODE = YES;
				CLANG_WARN__DUPLICATE_METHOD_MATCH = YES;
				"CODE_SIGN_IDENTITY[sdk=iphoneos*]" = "iPhone Developer";
				COPY_PHASE_STRIP = NO;
				DEBUG_INFORMATION_FORMAT = "dwarf-with-dsym";
				ENABLE_NS_ASSERTIONS = NO;
				ENABLE_STRICT_OBJC_MSGSEND = YES;
				GCC_C_LANGUAGE_STANDARD = gnu99;
				GCC_NO_COMMON_BLOCKS = YES;
				GCC_WARN_64_TO_32_BIT_CONVERSION = YES;
				GCC_WARN_ABOUT_RETURN_TYPE = YES_ERROR;
				GCC_WARN_UNDECLARED_SELECTOR = YES;
				GCC_WARN_UNINITIALIZED_AUTOS = YES_AGGRESSIVE;
				GCC_WARN_UNUSED_FUNCTION = YES;
				GCC_WARN_UNUSED_VARIABLE = YES;
				IPHONEOS_DEPLOYMENT_TARGET = 10.2;
				MTL_ENABLE_DEBUG_INFO = NO;
				SDKROOT = iphoneos;
				SWIFT_OPTIMIZATION_LEVEL = "-Owholemodule";
				VALIDATE_PRODUCT = YES;
			};
			name = Release;
		};
		F1D4A60C1E3BCB0E00A8983C /* Debug */ = {
			isa = XCBuildConfiguration;
			buildSettings = {
				ASSETCATALOG_COMPILER_APPICON_NAME = AppIcon;
				DEVELOPMENT_TEAM = UE52HE9BWK;
				INFOPLIST_FILE = testing/Info.plist;
				LD_RUNPATH_SEARCH_PATHS = "$(inherited) @executable_path/Frameworks";
				PRODUCT_BUNDLE_IDENTIFIER = com.Singh4282.testing;
				PRODUCT_NAME = "$(TARGET_NAME)";
				SWIFT_VERSION = 3.0;
			};
			name = Debug;
		};
		F1D4A60D1E3BCB0E00A8983C /* Release */ = {
			isa = XCBuildConfiguration;
			buildSettings = {
				ASSETCATALOG_COMPILER_APPICON_NAME = AppIcon;
				DEVELOPMENT_TEAM = UE52HE9BWK;
				INFOPLIST_FILE = testing/Info.plist;
				LD_RUNPATH_SEARCH_PATHS = "$(inherited) @executable_path/Frameworks";
				PRODUCT_BUNDLE_IDENTIFIER = com.Singh4282.testing;
				PRODUCT_NAME = "$(TARGET_NAME)";
				SWIFT_VERSION = 3.0;
			};
			name = Release;
		};
		F1D4A60F1E3BCB0E00A8983C /* Debug */ = {
			isa = XCBuildConfiguration;
			buildSettings = {
				ALWAYS_EMBED_SWIFT_STANDARD_LIBRARIES = YES;
				BUNDLE_LOADER = "$(TEST_HOST)";
				DEVELOPMENT_TEAM = UE52HE9BWK;
				INFOPLIST_FILE = testingTests/Info.plist;
				LD_RUNPATH_SEARCH_PATHS = "$(inherited) @executable_path/Frameworks @loader_path/Frameworks";
				PRODUCT_BUNDLE_IDENTIFIER = com.Singh4282.testingTests;
				PRODUCT_NAME = "$(TARGET_NAME)";
				SWIFT_VERSION = 3.0;
				TEST_HOST = "$(BUILT_PRODUCTS_DIR)/testing.app/testing";
			};
			name = Debug;
		};
		F1D4A6101E3BCB0E00A8983C /* Release */ = {
			isa = XCBuildConfiguration;
			buildSettings = {
				ALWAYS_EMBED_SWIFT_STANDARD_LIBRARIES = YES;
				BUNDLE_LOADER = "$(TEST_HOST)";
				DEVELOPMENT_TEAM = UE52HE9BWK;
				INFOPLIST_FILE = testingTests/Info.plist;
				LD_RUNPATH_SEARCH_PATHS = "$(inherited) @executable_path/Frameworks @loader_path/Frameworks";
				PRODUCT_BUNDLE_IDENTIFIER = com.Singh4282.testingTests;
				PRODUCT_NAME = "$(TARGET_NAME)";
				SWIFT_VERSION = 3.0;
				TEST_HOST = "$(BUILT_PRODUCTS_DIR)/testing.app/testing";
			};
			name = Release;
		};
		F1D4A6121E3BCB0E00A8983C /* Debug */ = {
			isa = XCBuildConfiguration;
			buildSettings = {
				ALWAYS_EMBED_SWIFT_STANDARD_LIBRARIES = YES;
				DEVELOPMENT_TEAM = UE52HE9BWK;
				INFOPLIST_FILE = testingUITests/Info.plist;
				LD_RUNPATH_SEARCH_PATHS = "$(inherited) @executable_path/Frameworks @loader_path/Frameworks";
				PRODUCT_BUNDLE_IDENTIFIER = com.Singh4282.testingUITests;
				PRODUCT_NAME = "$(TARGET_NAME)";
				SWIFT_VERSION = 3.0;
				TEST_TARGET_NAME = testing;
			};
			name = Debug;
		};
		F1D4A6131E3BCB0E00A8983C /* Release */ = {
			isa = XCBuildConfiguration;
			buildSettings = {
				ALWAYS_EMBED_SWIFT_STANDARD_LIBRARIES = YES;
				DEVELOPMENT_TEAM = UE52HE9BWK;
				INFOPLIST_FILE = testingUITests/Info.plist;
				LD_RUNPATH_SEARCH_PATHS = "$(inherited) @executable_path/Frameworks @loader_path/Frameworks";
				PRODUCT_BUNDLE_IDENTIFIER = com.Singh4282.testingUITests;
				PRODUCT_NAME = "$(TARGET_NAME)";
				SWIFT_VERSION = 3.0;
				TEST_TARGET_NAME = testing;
			};
			name = Release;
		};
/* End XCBuildConfiguration section */

/* Begin XCConfigurationList section */
		F1D4A5DE1E3BCB0C00A8983C /* Build configuration list for PBXProject "testing" */ = {
			isa = XCConfigurationList;
			buildConfigurations = (
				F1D4A6091E3BCB0E00A8983C /* Debug */,
				F1D4A60A1E3BCB0E00A8983C /* Release */,
			);
			defaultConfigurationIsVisible = 0;
			defaultConfigurationName = Release;
		};
		F1D4A60B1E3BCB0E00A8983C /* Build configuration list for PBXNativeTarget "testing" */ = {
			isa = XCConfigurationList;
			buildConfigurations = (
				F1D4A60C1E3BCB0E00A8983C /* Debug */,
				F1D4A60D1E3BCB0E00A8983C /* Release */,
			);
			defaultConfigurationIsVisible = 0;
		};
		F1D4A60E1E3BCB0E00A8983C /* Build configuration list for PBXNativeTarget "testingTests" */ = {
			isa = XCConfigurationList;
			buildConfigurations = (
				F1D4A60F1E3BCB0E00A8983C /* Debug */,
				F1D4A6101E3BCB0E00A8983C /* Release */,
			);
			defaultConfigurationIsVisible = 0;
		};
		F1D4A6111E3BCB0E00A8983C /* Build configuration list for PBXNativeTarget "testingUITests" */ = {
			isa = XCConfigurationList;
			buildConfigurations = (
				F1D4A6121E3BCB0E00A8983C /* Debug */,
				F1D4A6131E3BCB0E00A8983C /* Release */,
			);
			defaultConfigurationIsVisible = 0;
		};
/* End XCConfigurationList section */
	};
	rootObject = F1D4A5DB1E3BCB0C00A8983C /* Project object */;
}
